
Microsoft Visual Studio Solution File, Format Version 12.00
# Visual Studio Version 16
VisualStudioVersion = 16.0.29418.71
MinimumVisualStudioVersion = 10.0.40219.1
Project("{FAE04EC0-301F-11D3-BF4B-00C04F79EFBC}") = "Exercise2", "Exercise2\Exercise2.csproj", "{276C01D0-4571-4522-9988-60802C28DF99}"
EndProject
Global
	GlobalSection(SolutionConfigurationPlatforms) = preSolution
		Debug|Any CPU = Debug|Any CPU
		Release|Any CPU = Release|Any CPU
	EndGlobalSection
	GlobalSection(ProjectConfigurationPlatforms) = postSolution
		{276C01D0-4571-4522-9988-60802C28DF99}.Debug|Any CPU.ActiveCfg = Debug|Any CPU
		{276C01D0-4571-4522-9988-60802C28DF99}.Debug|Any CPU.Build.0 = Debug|Any CPU
		{276C01D0-4571-4522-9988-60802C28DF99}.Release|Any CPU.ActiveCfg = Release|Any CPU
		{276C01D0-4571-4522-9988-60802C28DF99}.Release|Any CPU.Build.0 = Release|Any CPU
	EndGlobalSection
	GlobalSection(SolutionProperties) = preSolution
		HideSolutionNode = FALSE
	EndGlobalSection
	GlobalSection(ExtensibilityGlobals) = postSolution
		SolutionGuid = {01F1EF54-CB9A-4041-A41A-4E4FE21A0167}
	EndGlobalSection
EndGlobal
