
Microsoft Visual Studio Solution File, Format Version 12.00
# Visual Studio Version 16
VisualStudioVersion = 16.0.29418.71
MinimumVisualStudioVersion = 10.0.40219.1
Project("{FAE04EC0-301F-11D3-BF4B-00C04F79EFBC}") = "Exercise7", "Exercise7\Exercise7.csproj", "{508A3F2A-F862-4009-AF02-49D3B3E3DB87}"
EndProject
Global
	GlobalSection(SolutionConfigurationPlatforms) = preSolution
		Debug|Any CPU = Debug|Any CPU
		Release|Any CPU = Release|Any CPU
	EndGlobalSection
	GlobalSection(ProjectConfigurationPlatforms) = postSolution
		{508A3F2A-F862-4009-AF02-49D3B3E3DB87}.Debug|Any CPU.ActiveCfg = Debug|Any CPU
		{508A3F2A-F862-4009-AF02-49D3B3E3DB87}.Debug|Any CPU.Build.0 = Debug|Any CPU
		{508A3F2A-F862-4009-AF02-49D3B3E3DB87}.Release|Any CPU.ActiveCfg = Release|Any CPU
		{508A3F2A-F862-4009-AF02-49D3B3E3DB87}.Release|Any CPU.Build.0 = Release|Any CPU
	EndGlobalSection
	GlobalSection(SolutionProperties) = preSolution
		HideSolutionNode = FALSE
	EndGlobalSection
	GlobalSection(ExtensibilityGlobals) = postSolution
		SolutionGuid = {0EAF3CC5-9C8F-4F2E-A545-3B0F06D94CF1}
	EndGlobalSection
EndGlobal
