
Microsoft Visual Studio Solution File, Format Version 12.00
# Visual Studio Version 16
VisualStudioVersion = 16.0.29418.71
MinimumVisualStudioVersion = 10.0.40219.1
Project("{FAE04EC0-301F-11D3-BF4B-00C04F79EFBC}") = "Exercise1", "Exercise1\Exercise1.csproj", "{56BA577E-F488-44B7-BF68-1AF4F74C346D}"
EndProject
Global
	GlobalSection(SolutionConfigurationPlatforms) = preSolution
		Debug|Any CPU = Debug|Any CPU
		Release|Any CPU = Release|Any CPU
	EndGlobalSection
	GlobalSection(ProjectConfigurationPlatforms) = postSolution
		{56BA577E-F488-44B7-BF68-1AF4F74C346D}.Debug|Any CPU.ActiveCfg = Debug|Any CPU
		{56BA577E-F488-44B7-BF68-1AF4F74C346D}.Debug|Any CPU.Build.0 = Debug|Any CPU
		{56BA577E-F488-44B7-BF68-1AF4F74C346D}.Release|Any CPU.ActiveCfg = Release|Any CPU
		{56BA577E-F488-44B7-BF68-1AF4F74C346D}.Release|Any CPU.Build.0 = Release|Any CPU
	EndGlobalSection
	GlobalSection(SolutionProperties) = preSolution
		HideSolutionNode = FALSE
	EndGlobalSection
	GlobalSection(ExtensibilityGlobals) = postSolution
		SolutionGuid = {DF7EFE77-5ED1-404E-9B5A-803FFFDFCEAC}
	EndGlobalSection
EndGlobal
